
Microsoft Visual Studio Solution File, Format Version 12.00
# Visual Studio 15
VisualStudioVersion = 15.0.26430.15
MinimumVisualStudioVersion = 10.0.40219.1
Project("{FAE04EC0-301F-11D3-BF4B-00C04F79EFBC}") = "Evaluaciones.Evaluacion", "Evaluaciones.Evaluacion\Evaluaciones.Evaluacion.csproj", "{8D3542A8-3667-42E6-ACB0-04A4D1362233}"
EndProject
Project("{2150E333-8FDC-42A3-9474-1A3956D46DE8}") = "0. Libraries", "0. Libraries", "{8B07CF79-F8C7-4133-852B-2CB2BE121958}"
EndProject
Project("{2150E333-8FDC-42A3-9474-1A3956D46DE8}") = "1. Model", "1. Model", "{BBD5BE38-22AC-484F-A5E2-A4155D0B48DD}"
EndProject
Project("{2150E333-8FDC-42A3-9474-1A3956D46DE8}") = "2. Service", "2. Service", "{0D3A95FF-12E9-498F-BA9D-192AB5B919A6}"
EndProject
Project("{2150E333-8FDC-42A3-9474-1A3956D46DE8}") = "3. ReportsBackEnd", "3. ReportsBackEnd", "{425DF9EA-0AC8-4007-B02D-BB2F6D4035AC}"
EndProject
Project("{2150E333-8FDC-42A3-9474-1A3956D46DE8}") = "5. Controls", "5. Controls", "{CCEFDBD8-514B-4D7A-80B7-0C14536625E9}"
EndProject
Project("{2150E333-8FDC-42A3-9474-1A3956D46DE8}") = "6. Clients", "6. Clients", "{1E70A034-68DD-4227-B8E3-B3A5EED2B273}"
EndProject
Project("{2150E333-8FDC-42A3-9474-1A3956D46DE8}") = "0.1. Assemblies", "0.1. Assemblies", "{8156140A-4D5A-4A0E-98AC-44411D2841E0}"
EndProject
Project("{FAE04EC0-301F-11D3-BF4B-00C04F79EFBC}") = "FluentLinqToSql", "FluentLinqToSql\FluentLinqToSql.csproj", "{7814BE78-9A53-41F1-AF08-A845203C900A}"
EndProject
Project("{FAE04EC0-301F-11D3-BF4B-00C04F79EFBC}") = "Evaluaciones", "Evaluaciones\Evaluaciones.csproj", "{A73E5C06-9117-4F3E-A5EE-514EC29133F0}"
EndProject
Project("{FAE04EC0-301F-11D3-BF4B-00C04F79EFBC}") = "Evaluaciones.Membresia", "Evaluaciones.Membresia\Evaluaciones.Membresia.csproj", "{DE11D280-C753-4BD0-9CC1-77868232115A}"
EndProject
Project("{FAE04EC0-301F-11D3-BF4B-00C04F79EFBC}") = "Evaluaciones.Helpers", "Evaluaciones.Helpers\Evaluaciones.Helpers.csproj", "{0453AB0E-AA61-46EE-AAC6-92C678CB1C84}"
EndProject
Project("{2150E333-8FDC-42A3-9474-1A3956D46DE8}") = "Mobile", "Mobile", "{AAEEF2F4-0439-4DC7-8F9C-299E2F7D137B}"
EndProject
Project("{2150E333-8FDC-42A3-9474-1A3956D46DE8}") = "Web", "Web", "{EE206761-5104-4FEC-B24C-209B77FCF08A}"
EndProject
Project("{2150E333-8FDC-42A3-9474-1A3956D46DE8}") = "Windows", "Windows", "{54B99D74-2A86-4D3F-A7E2-519B13604E6B}"
EndProject
Project("{2150E333-8FDC-42A3-9474-1A3956D46DE8}") = "4. ReportsFrontEnd", "4. ReportsFrontEnd", "{B2C69E92-AB1D-4EA4-9B42-E9612F8B8588}"
EndProject
Project("{2150E333-8FDC-42A3-9474-1A3956D46DE8}") = "Helpers", "Helpers", "{C8D36B9D-0530-49BB-BD3D-A29AB8FD1913}"
EndProject
Project("{2150E333-8FDC-42A3-9474-1A3956D46DE8}") = "Web", "Web", "{575EA959-A8B6-4943-A9E7-558836FB4817}"
EndProject
Project("{FAE04EC0-301F-11D3-BF4B-00C04F79EFBC}") = "Evaluaciones.Web", "Evaluaciones.Web\Evaluaciones.Web.csproj", "{D8BF5978-EC97-40D2-9649-8A0C4401F0E2}"
EndProject
Project("{FAE04EC0-301F-11D3-BF4B-00C04F79EFBC}") = "Evaluaciones.Web.UI", "Evaluaciones.Web.UI\Evaluaciones.Web.UI.csproj", "{8A173A0B-2F93-43BD-BE7C-39B49535BD13}"
EndProject
Project("{FAE04EC0-301F-11D3-BF4B-00C04F79EFBC}") = "Evaluaciones.Educacion", "Evaluaciones.Educacion\Evaluaciones.Educacion.csproj", "{575ABF87-1E5E-48F1-88E5-A5B7A416DD79}"
EndProject
Global
	GlobalSection(SolutionConfigurationPlatforms) = preSolution
		Debug|Any CPU = Debug|Any CPU
		Release|Any CPU = Release|Any CPU
	EndGlobalSection
	GlobalSection(ProjectConfigurationPlatforms) = postSolution
		{8D3542A8-3667-42E6-ACB0-04A4D1362233}.Debug|Any CPU.ActiveCfg = Debug|Any CPU
		{8D3542A8-3667-42E6-ACB0-04A4D1362233}.Debug|Any CPU.Build.0 = Debug|Any CPU
		{8D3542A8-3667-42E6-ACB0-04A4D1362233}.Release|Any CPU.ActiveCfg = Release|Any CPU
		{8D3542A8-3667-42E6-ACB0-04A4D1362233}.Release|Any CPU.Build.0 = Release|Any CPU
		{7814BE78-9A53-41F1-AF08-A845203C900A}.Debug|Any CPU.ActiveCfg = Debug|Any CPU
		{7814BE78-9A53-41F1-AF08-A845203C900A}.Debug|Any CPU.Build.0 = Debug|Any CPU
		{7814BE78-9A53-41F1-AF08-A845203C900A}.Release|Any CPU.ActiveCfg = Release|Any CPU
		{7814BE78-9A53-41F1-AF08-A845203C900A}.Release|Any CPU.Build.0 = Release|Any CPU
		{A73E5C06-9117-4F3E-A5EE-514EC29133F0}.Debug|Any CPU.ActiveCfg = Debug|Any CPU
		{A73E5C06-9117-4F3E-A5EE-514EC29133F0}.Debug|Any CPU.Build.0 = Debug|Any CPU
		{A73E5C06-9117-4F3E-A5EE-514EC29133F0}.Release|Any CPU.ActiveCfg = Release|Any CPU
		{A73E5C06-9117-4F3E-A5EE-514EC29133F0}.Release|Any CPU.Build.0 = Release|Any CPU
		{DE11D280-C753-4BD0-9CC1-77868232115A}.Debug|Any CPU.ActiveCfg = Debug|Any CPU
		{DE11D280-C753-4BD0-9CC1-77868232115A}.Debug|Any CPU.Build.0 = Debug|Any CPU
		{DE11D280-C753-4BD0-9CC1-77868232115A}.Release|Any CPU.ActiveCfg = Release|Any CPU
		{DE11D280-C753-4BD0-9CC1-77868232115A}.Release|Any CPU.Build.0 = Release|Any CPU
		{0453AB0E-AA61-46EE-AAC6-92C678CB1C84}.Debug|Any CPU.ActiveCfg = Debug|Any CPU
		{0453AB0E-AA61-46EE-AAC6-92C678CB1C84}.Debug|Any CPU.Build.0 = Debug|Any CPU
		{0453AB0E-AA61-46EE-AAC6-92C678CB1C84}.Release|Any CPU.ActiveCfg = Release|Any CPU
		{0453AB0E-AA61-46EE-AAC6-92C678CB1C84}.Release|Any CPU.Build.0 = Release|Any CPU
		{D8BF5978-EC97-40D2-9649-8A0C4401F0E2}.Debug|Any CPU.ActiveCfg = Debug|Any CPU
		{D8BF5978-EC97-40D2-9649-8A0C4401F0E2}.Debug|Any CPU.Build.0 = Debug|Any CPU
		{D8BF5978-EC97-40D2-9649-8A0C4401F0E2}.Release|Any CPU.ActiveCfg = Release|Any CPU
		{D8BF5978-EC97-40D2-9649-8A0C4401F0E2}.Release|Any CPU.Build.0 = Release|Any CPU
		{8A173A0B-2F93-43BD-BE7C-39B49535BD13}.Debug|Any CPU.ActiveCfg = Debug|Any CPU
		{8A173A0B-2F93-43BD-BE7C-39B49535BD13}.Debug|Any CPU.Build.0 = Debug|Any CPU
		{8A173A0B-2F93-43BD-BE7C-39B49535BD13}.Release|Any CPU.ActiveCfg = Release|Any CPU
		{8A173A0B-2F93-43BD-BE7C-39B49535BD13}.Release|Any CPU.Build.0 = Release|Any CPU
		{575ABF87-1E5E-48F1-88E5-A5B7A416DD79}.Debug|Any CPU.ActiveCfg = Debug|Any CPU
		{575ABF87-1E5E-48F1-88E5-A5B7A416DD79}.Debug|Any CPU.Build.0 = Debug|Any CPU
		{575ABF87-1E5E-48F1-88E5-A5B7A416DD79}.Release|Any CPU.ActiveCfg = Release|Any CPU
		{575ABF87-1E5E-48F1-88E5-A5B7A416DD79}.Release|Any CPU.Build.0 = Release|Any CPU
	EndGlobalSection
	GlobalSection(SolutionProperties) = preSolution
		HideSolutionNode = FALSE
	EndGlobalSection
	GlobalSection(NestedProjects) = preSolution
		{8D3542A8-3667-42E6-ACB0-04A4D1362233} = {BBD5BE38-22AC-484F-A5E2-A4155D0B48DD}
		{8156140A-4D5A-4A0E-98AC-44411D2841E0} = {8B07CF79-F8C7-4133-852B-2CB2BE121958}
		{7814BE78-9A53-41F1-AF08-A845203C900A} = {8156140A-4D5A-4A0E-98AC-44411D2841E0}
		{A73E5C06-9117-4F3E-A5EE-514EC29133F0} = {BBD5BE38-22AC-484F-A5E2-A4155D0B48DD}
		{DE11D280-C753-4BD0-9CC1-77868232115A} = {BBD5BE38-22AC-484F-A5E2-A4155D0B48DD}
		{0453AB0E-AA61-46EE-AAC6-92C678CB1C84} = {C8D36B9D-0530-49BB-BD3D-A29AB8FD1913}
		{AAEEF2F4-0439-4DC7-8F9C-299E2F7D137B} = {1E70A034-68DD-4227-B8E3-B3A5EED2B273}
		{EE206761-5104-4FEC-B24C-209B77FCF08A} = {1E70A034-68DD-4227-B8E3-B3A5EED2B273}
		{54B99D74-2A86-4D3F-A7E2-519B13604E6B} = {1E70A034-68DD-4227-B8E3-B3A5EED2B273}
		{C8D36B9D-0530-49BB-BD3D-A29AB8FD1913} = {CCEFDBD8-514B-4D7A-80B7-0C14536625E9}
		{575EA959-A8B6-4943-A9E7-558836FB4817} = {CCEFDBD8-514B-4D7A-80B7-0C14536625E9}
		{D8BF5978-EC97-40D2-9649-8A0C4401F0E2} = {575EA959-A8B6-4943-A9E7-558836FB4817}
		{8A173A0B-2F93-43BD-BE7C-39B49535BD13} = {EE206761-5104-4FEC-B24C-209B77FCF08A}
		{575ABF87-1E5E-48F1-88E5-A5B7A416DD79} = {BBD5BE38-22AC-484F-A5E2-A4155D0B48DD}
	EndGlobalSection
EndGlobal
